// !$*UTF8*$!
{
	archiveVersion = 1;
	classes = {
	};
	objectVersion = 46;
	objects = {
/* Begin PBXBuildFile section */
		0207DA581B56EA530066E2B4 /* Images.xcassets in Resources */ = {isa = PBXBuildFile; fileRef = 0207DA571B56EA530066E2B4 /* Images.xcassets */; };
		0507DD0C0131409597F07B4B /* GoogleIPhoneUtilities.framework in Frameworks */ = {isa = PBXBuildFile; fileRef = 9786105FA65B4B1D9123DB84 /* GoogleIPhoneUtilities.framework */; };
		06CE94218AA347D081E4954B /* AFURLResponseSerialization.m in Sources */ = {isa = PBXBuildFile; fileRef = EE8FF16A7FAB488C91CF36E7 /* AFURLResponseSerialization.m */; };
		0F6C1AD14A8A4A989E43F80F /* CDVIonicKeyboard.m in Sources */ = {isa = PBXBuildFile; fileRef = A4A50CE69DFA4067B0E07BC2 /* CDVIonicKeyboard.m */; };
		1561848D80574D0ABDB02FC9 /* CDVConnection.m in Sources */ = {isa = PBXBuildFile; fileRef = 7AD78A9683A348E382651D64 /* CDVConnection.m */; };
		15A324BB06D6472FA894198D /* FacebookConnectPlugin.m in Sources */ = {isa = PBXBuildFile; fileRef = BE9C61869E1F41768A604653 /* FacebookConnectPlugin.m */; };
		17496237A56E409EA7C35363 /* AFNetworkReachabilityManager.m in Sources */ = {isa = PBXBuildFile; fileRef = 0002537CFC8843D5BE3B175F /* AFNetworkReachabilityManager.m */; };
		19D27E0B5120417FAECD0EA8 /* libc++.tbd in Frameworks */ = {isa = PBXBuildFile; fileRef = 2E0A52BBC9E04F1C95BB3045 /* libc++.tbd */; };
		1D3623260D0F684500981E51 /* AppDelegate.m in Sources */ = {isa = PBXBuildFile; fileRef = 1D3623250D0F684500981E51 /* AppDelegate.m */; };
		1D60589B0D05DD56006BFB54 /* main.m in Sources */ = {isa = PBXBuildFile; fileRef = 29B97316FDCFA39411CA2CEA /* main.m */; };
		2207488080324CC1B911C600 /* FirebaseCore.framework in Frameworks */ = {isa = PBXBuildFile; fileRef = 56A00DA28A3D4383B4644C25 /* FirebaseCore.framework */; };
		23BA42AC488A4D70B36D4B8C /* FBSDKShareKit.framework in Frameworks */ = {isa = PBXBuildFile; fileRef = 150F2F7FB89E42049707AB28 /* FBSDKShareKit.framework */; };
		23FF41361C0047BCB460E334 /* CDVLocalFilesystem.m in Sources */ = {isa = PBXBuildFile; fileRef = FA19D349AEC84B8ABD2D9DD4 /* CDVLocalFilesystem.m */; };
		2A5F2F1817B647FA89F8DC7C /* TextResponseSerializer.m in Sources */ = {isa = PBXBuildFile; fileRef = 62AB0EB131D0470EB4608F66 /* TextResponseSerializer.m */; };
		301BF552109A68D80062928A /* libCordova.a in Frameworks */ = {isa = PBXBuildFile; fileRef = 301BF535109A57CC0062928A /* libCordova.a */; };
		302D95F114D2391D003F00A1 /* MainViewController.m in Sources */ = {isa = PBXBuildFile; fileRef = 302D95EF14D2391D003F00A1 /* MainViewController.m */; };
		302D95F214D2391D003F00A1 /* MainViewController.xib in Resources */ = {isa = PBXBuildFile; fileRef = 302D95F014D2391D003F00A1 /* MainViewController.xib */; };
		3236888D776D46CCBC4F8F22 /* AddressBook.framework in Frameworks */ = {isa = PBXBuildFile; fileRef = 3F5CEF622C3043FE902DDACB /* AddressBook.framework */; };
		3480DB4B43324032887DBB22 /* CDVFile.m in Sources */ = {isa = PBXBuildFile; fileRef = 5E3110701ACD4E51A48277EA /* CDVFile.m */; };
		3993B792B5614E20A4F46CD7 /* AFURLRequestSerialization.m in Sources */ = {isa = PBXBuildFile; fileRef = 31986BE56C6040718324733F /* AFURLRequestSerialization.m */; };
		39B02F1AAB724D04B3F17066 /* AFSecurityPolicy.m in Sources */ = {isa = PBXBuildFile; fileRef = EB088F2E462A488DBCA5785F /* AFSecurityPolicy.m */; };
		3C150BD8B6F342D38690071F /* AppDelegate+FCMPlugin.m in Sources */ = {isa = PBXBuildFile; fileRef = B9839EA28BEE4D8989560901 /* AppDelegate+FCMPlugin.m */; };
		42D64497DCC947EE881984D0 /* CordovaHttpPlugin.m in Sources */ = {isa = PBXBuildFile; fileRef = F0667D9E4FF64678A7B272DE /* CordovaHttpPlugin.m */; };
		43A978C2C0B4429B95FB642D /* SDNetworkActivityIndicator.m in Sources */ = {isa = PBXBuildFile; fileRef = EABA7DCBAC934561ABA85D05 /* SDNetworkActivityIndicator.m */; };
		43B0B78319254EF3983A7A8C /* GoogleSymbolUtilities.framework in Frameworks */ = {isa = PBXBuildFile; fileRef = 06E3FF3A267A4068BED624B0 /* GoogleSymbolUtilities.framework */; };
		45199C5A533B47CAB29743DE /* CDVAssetLibraryFilesystem.m in Sources */ = {isa = PBXBuildFile; fileRef = 53E4D5DF4C4D4114A86185DE /* CDVAssetLibraryFilesystem.m */; };
		57A5D51F2F6E4F67B87A92A5 /* CDVDevice.m in Sources */ = {isa = PBXBuildFile; fileRef = 7A0BF16EEF36482D9A3070AD /* CDVDevice.m */; };
		5D3924A9C79E4AEF8FDA0384 /* Bolts.framework in Frameworks */ = {isa = PBXBuildFile; fileRef = 7AD1161494BC44ED86D13272 /* Bolts.framework */; };
		5E9ED3B1DB1E4B72829E7B52 /* libz.tbd in Frameworks */ = {isa = PBXBuildFile; fileRef = 2F3462FACF0D4D75B4249534 /* libz.tbd */; };
		604798C7FF514BDF8414EA0F /* SystemConfiguration.framework in Frameworks */ = {isa = PBXBuildFile; fileRef = 15FABC70E059494DAF79DCF1 /* SystemConfiguration.framework */; };
		697FC01A9DC34791960ADEE0 /* FCMPlugin.m in Sources */ = {isa = PBXBuildFile; fileRef = 80AB03956EDD4185945DC6F5 /* FCMPlugin.m */; };
		6AE49032C1B346E19EB1233F /* FBSDKLoginKit.framework in Frameworks */ = {isa = PBXBuildFile; fileRef = E5639A9A8BA7415F9EBF0EE9 /* FBSDKLoginKit.framework */; };
		6AFF5BF91D6E424B00AB3073 /* CDVLaunchScreen.storyboard in Resources */ = {isa = PBXBuildFile; fileRef = 6AFF5BF81D6E424B00AB3073 /* CDVLaunchScreen.storyboard */; };
		70302813CDF745FD99C81170 /* CDVReachability.m in Sources */ = {isa = PBXBuildFile; fileRef = FA9FD36EFABD4D50B311B8E3 /* CDVReachability.m */; };
		72FBFB41DC0E427FA9F32E0F /* FirebaseInstanceID.framework in Frameworks */ = {isa = PBXBuildFile; fileRef = C4E8EEE44F5A42D5ABC618C4 /* FirebaseInstanceID.framework */; };
		78683663839C4152A903F435 /* GoogleInterchangeUtilities.framework in Frameworks */ = {isa = PBXBuildFile; fileRef = 4C264098705D4E3683055DC8 /* GoogleInterchangeUtilities.framework */; };
		7D30D182D7D54423A3F6FF2F /* CoreTelephony.framework in Frameworks */ = {isa = PBXBuildFile; fileRef = C45D78112377403C803473AB /* CoreTelephony.framework */; };
		8F81B24623464AFCA24F0E28 /* TextRequestSerializer.m in Sources */ = {isa = PBXBuildFile; fileRef = 3A1030B733274D479CE23115 /* TextRequestSerializer.m */; };
		9D5C4B9810DC406C81510596 /* Security.framework in Frameworks */ = {isa = PBXBuildFile; fileRef = A26ECEFDEA77486ABD17C246 /* Security.framework */; };
		9F326FC68C454ECFB7A49679 /* CDVViewController+SplashScreen.m in Sources */ = {isa = PBXBuildFile; fileRef = CBA346AA4F0549638C57EDEA /* CDVViewController+SplashScreen.m */; };
		9FB4E952044344838AF28697 /* FirebaseAnalytics.framework in Frameworks */ = {isa = PBXBuildFile; fileRef = 6358B0270D884EC288953DAE /* FirebaseAnalytics.framework */; };
		AE1318A84B724653A7AFDAF8 /* FBSDKCoreKit.framework in Frameworks */ = {isa = PBXBuildFile; fileRef = 63D81D140B184C0FB2C78E2E /* FBSDKCoreKit.framework */; };
		B30BB8A235664C34BC752C5A /* FirebaseMessaging.framework in Frameworks */ = {isa = PBXBuildFile; fileRef = 9DDA3B8D813F46FD9DEC45DB /* FirebaseMessaging.framework */; };
		B83C6103D8AE4FE5A29A752B /* GoogleService-Info.plist in Resources */ = {isa = PBXBuildFile; fileRef = FE7A843945D544638866B3C6 /* GoogleService-Info.plist */; };
		CC819D52013B4F888CBFE7EE /* libsqlite3.0.tbd in Frameworks */ = {isa = PBXBuildFile; fileRef = 697588F94CB7476485E80FCF /* libsqlite3.0.tbd */; };
		CC9849EDF26E4BD9848093A3 /* CDVSplashScreen.m in Sources */ = {isa = PBXBuildFile; fileRef = AFD1666C6FB84A6A99D17745 /* CDVSplashScreen.m */; };
		D400A7A1E8AB4D579C55D593 /* AFURLSessionManager.m in Sources */ = {isa = PBXBuildFile; fileRef = 198AD611D5D942948D7D7159 /* AFURLSessionManager.m */; };
		EEB52CA509A1401AA41F64D8 /* GoogleUtilities.framework in Frameworks */ = {isa = PBXBuildFile; fileRef = 7BFF2DC472CE4D028280AB3A /* GoogleUtilities.framework */; };
		FEB25CD10A6A40E1B0B03388 /* AFHTTPSessionManager.m in Sources */ = {isa = PBXBuildFile; fileRef = 3E648F31BE1245BC9206180B /* AFHTTPSessionManager.m */; };
		0AFB26E5D1A34EE59DBD3D9F /* CDVInAppBrowser.m in Sources */ = {isa = PBXBuildFile; fileRef = E0E0F6BDCFB149E8B08CE261 /* CDVInAppBrowser.m */; };
		AF7A1B3E48E14FE2ABCF270D /* NativeStorage.m in Sources */ = {isa = PBXBuildFile; fileRef = A12CFC24CEA6411BBC058452 /* NativeStorage.m */; };
/* End PBXBuildFile section */

/* Begin PBXContainerItemProxy section */
		183670002175DF4E00363ED0 /* PBXContainerItemProxy */ = {
			isa = PBXContainerItemProxy;
			containerPortal = 301BF52D109A57CC0062928A /* CordovaLib/CordovaLib.xcodeproj */;
			proxyType = 2;
			remoteGlobalIDString = C0C01EB21E3911D50056E6CB;
			remoteInfo = Cordova;
		};
		301BF534109A57CC0062928A /* PBXContainerItemProxy */ = {
			isa = PBXContainerItemProxy;
			containerPortal = 301BF52D109A57CC0062928A /* CordovaLib/CordovaLib.xcodeproj */;
			proxyType = 2;
			remoteGlobalIDString = D2AAC07E0554694100DB518D;
			remoteInfo = CordovaLib;
		};
		301BF550109A68C00062928A /* PBXContainerItemProxy */ = {
			isa = PBXContainerItemProxy;
			containerPortal = 301BF52D109A57CC0062928A /* CordovaLib/CordovaLib.xcodeproj */;
			proxyType = 1;
			remoteGlobalIDString = D2AAC07D0554694100DB518D;
			remoteInfo = CordovaLib;
		};
/* End PBXContainerItemProxy section */

/* Begin PBXFileReference section */
		0002537CFC8843D5BE3B175F /* AFNetworkReachabilityManager.m */ = {isa = PBXFileReference; explicitFileType = undefined; fileEncoding = 4; includeInIndex = 0; lastKnownFileType = sourcecode.c.objc; name = AFNetworkReachabilityManager.m; path = "cordova-plugin-advanced-http/AFNetworkReachabilityManager.m"; sourceTree = "<group>"; };
		0207DA571B56EA530066E2B4 /* Images.xcassets */ = {isa = PBXFileReference; lastKnownFileType = folder.assetcatalog; name = Images.xcassets; path = vmsApp/Images.xcassets; sourceTree = SOURCE_ROOT; };
		06E3FF3A267A4068BED624B0 /* GoogleSymbolUtilities.framework */ = {isa = PBXFileReference; explicitFileType = undefined; fileEncoding = 9; includeInIndex = 0; lastKnownFileType = wrapper.framework; name = GoogleSymbolUtilities.framework; path = "vmsApp/Plugins/cordova-plugin-fcm-with-dependecy-updated/GoogleSymbolUtilities.framework"; sourceTree = "<group>"; };
		08B0A046A60F42D3BBAFCAE2 /* CDVAssetLibraryFilesystem.h */ = {isa = PBXFileReference; explicitFileType = undefined; fileEncoding = 4; includeInIndex = 0; lastKnownFileType = sourcecode.c.h; name = CDVAssetLibraryFilesystem.h; path = "cordova-plugin-file/CDVAssetLibraryFilesystem.h"; sourceTree = "<group>"; };
		150F2F7FB89E42049707AB28 /* FBSDKShareKit.framework */ = {isa = PBXFileReference; explicitFileType = undefined; fileEncoding = 9; includeInIndex = 0; lastKnownFileType = wrapper.framework; name = FBSDKShareKit.framework; path = "vmsApp/Plugins/cordova-plugin-facebook4/FBSDKShareKit.framework"; sourceTree = "<group>"; };
		15FABC70E059494DAF79DCF1 /* SystemConfiguration.framework */ = {isa = PBXFileReference; explicitFileType = undefined; fileEncoding = 9; includeInIndex = 0; lastKnownFileType = wrapper.framework; name = SystemConfiguration.framework; path = System/Library/Frameworks/SystemConfiguration.framework; sourceTree = SDKROOT; };
		198AD611D5D942948D7D7159 /* AFURLSessionManager.m */ = {isa = PBXFileReference; explicitFileType = undefined; fileEncoding = 4; includeInIndex = 0; lastKnownFileType = sourcecode.c.objc; name = AFURLSessionManager.m; path = "cordova-plugin-advanced-http/AFURLSessionManager.m"; sourceTree = "<group>"; };
		1D3623240D0F684500981E51 /* AppDelegate.h */ = {isa = PBXFileReference; fileEncoding = 4; lastKnownFileType = sourcecode.c.h; path = AppDelegate.h; sourceTree = "<group>"; };
		1D3623250D0F684500981E51 /* AppDelegate.m */ = {isa = PBXFileReference; fileEncoding = 4; lastKnownFileType = sourcecode.c.objc; path = AppDelegate.m; sourceTree = "<group>"; };
		1D6058910D05DD3D006BFB54 /* vmsApp.app */ = {isa = PBXFileReference; explicitFileType = wrapper.application; includeInIndex = 0; path = vmsApp.app; sourceTree = BUILT_PRODUCTS_DIR; };
		218BC64E62FD4A059307EB40 /* CDVFile.h */ = {isa = PBXFileReference; explicitFileType = undefined; fileEncoding = 4; includeInIndex = 0; lastKnownFileType = sourcecode.c.h; name = CDVFile.h; path = "cordova-plugin-file/CDVFile.h"; sourceTree = "<group>"; };
		229311BF23FA4E8D8D005D94 /* Firebase.h */ = {isa = PBXFileReference; explicitFileType = undefined; fileEncoding = 4; includeInIndex = 0; lastKnownFileType = sourcecode.c.h; name = Firebase.h; path = "cordova-plugin-fcm-with-dependecy-updated/Firebase.h"; sourceTree = "<group>"; };
		22A2CFC7F69B4535B5CF38D2 /* CDVIonicKeyboard.h */ = {isa = PBXFileReference; explicitFileType = undefined; fileEncoding = 4; includeInIndex = 0; lastKnownFileType = sourcecode.c.h; name = CDVIonicKeyboard.h; path = "cordova-plugin-ionic-keyboard/CDVIonicKeyboard.h"; sourceTree = "<group>"; };
		29B97316FDCFA39411CA2CEA /* main.m */ = {isa = PBXFileReference; fileEncoding = 4; lastKnownFileType = sourcecode.c.objc; path = main.m; sourceTree = "<group>"; };
		2E0A52BBC9E04F1C95BB3045 /* libc++.tbd */ = {isa = PBXFileReference; explicitFileType = undefined; fileEncoding = 9; includeInIndex = 0; lastKnownFileType = "sourcecode.text-based-dylib-definition"; name = "libc++.tbd"; path = "usr/lib/libc++.tbd"; sourceTree = SDKROOT; };
		2F3462FACF0D4D75B4249534 /* libz.tbd */ = {isa = PBXFileReference; explicitFileType = undefined; fileEncoding = 9; includeInIndex = 0; lastKnownFileType = "sourcecode.text-based-dylib-definition"; name = libz.tbd; path = usr/lib/libz.tbd; sourceTree = SDKROOT; };
		301BF52D109A57CC0062928A /* CordovaLib/CordovaLib.xcodeproj */ = {isa = PBXFileReference; lastKnownFileType = "wrapper.pb-project"; path = CordovaLib/CordovaLib.xcodeproj; sourceTree = "<group>"; };
		301BF56E109A69640062928A /* www */ = {isa = PBXFileReference; lastKnownFileType = folder; path = www; sourceTree = SOURCE_ROOT; };
		302D95EE14D2391D003F00A1 /* MainViewController.h */ = {isa = PBXFileReference; fileEncoding = 4; lastKnownFileType = sourcecode.c.h; path = MainViewController.h; sourceTree = "<group>"; };
		302D95EF14D2391D003F00A1 /* MainViewController.m */ = {isa = PBXFileReference; fileEncoding = 4; lastKnownFileType = sourcecode.c.objc; path = MainViewController.m; sourceTree = "<group>"; };
		302D95F014D2391D003F00A1 /* MainViewController.xib */ = {isa = PBXFileReference; fileEncoding = 4; lastKnownFileType = file.xib; path = MainViewController.xib; sourceTree = "<group>"; };
		3047A50F1AB8059700498E2A /* build-debug.xcconfig */ = {isa = PBXFileReference; fileEncoding = 4; lastKnownFileType = text.xcconfig; name = "build-debug.xcconfig"; path = "cordova/build-debug.xcconfig"; sourceTree = SOURCE_ROOT; };
		3047A5101AB8059700498E2A /* build-release.xcconfig */ = {isa = PBXFileReference; fileEncoding = 4; lastKnownFileType = text.xcconfig; name = "build-release.xcconfig"; path = "cordova/build-release.xcconfig"; sourceTree = SOURCE_ROOT; };
		3047A5111AB8059700498E2A /* build.xcconfig */ = {isa = PBXFileReference; fileEncoding = 4; lastKnownFileType = text.xcconfig; name = build.xcconfig; path = cordova/build.xcconfig; sourceTree = SOURCE_ROOT; };
		306469A271674A679B1BC4B6 /* FCMPlugin.h */ = {isa = PBXFileReference; explicitFileType = undefined; fileEncoding = 4; includeInIndex = 0; lastKnownFileType = sourcecode.c.h; name = FCMPlugin.h; path = "cordova-plugin-fcm-with-dependecy-updated/FCMPlugin.h"; sourceTree = "<group>"; };
		31986BE56C6040718324733F /* AFURLRequestSerialization.m */ = {isa = PBXFileReference; explicitFileType = undefined; fileEncoding = 4; includeInIndex = 0; lastKnownFileType = sourcecode.c.objc; name = AFURLRequestSerialization.m; path = "cordova-plugin-advanced-http/AFURLRequestSerialization.m"; sourceTree = "<group>"; };
		32CA4F630368D1EE00C91783 /* vmsApp-Prefix.pch */ = {isa = PBXFileReference; fileEncoding = 4; lastKnownFileType = sourcecode.c.h; path = "vmsApp-Prefix.pch"; sourceTree = "<group>"; };
		3A1030B733274D479CE23115 /* TextRequestSerializer.m */ = {isa = PBXFileReference; explicitFileType = undefined; fileEncoding = 4; includeInIndex = 0; lastKnownFileType = sourcecode.c.objc; name = TextRequestSerializer.m; path = "cordova-plugin-advanced-http/TextRequestSerializer.m"; sourceTree = "<group>"; };
		3E648F31BE1245BC9206180B /* AFHTTPSessionManager.m */ = {isa = PBXFileReference; explicitFileType = undefined; fileEncoding = 4; includeInIndex = 0; lastKnownFileType = sourcecode.c.objc; name = AFHTTPSessionManager.m; path = "cordova-plugin-advanced-http/AFHTTPSessionManager.m"; sourceTree = "<group>"; };
		3F5CEF622C3043FE902DDACB /* AddressBook.framework */ = {isa = PBXFileReference; explicitFileType = undefined; fileEncoding = 9; includeInIndex = 0; lastKnownFileType = wrapper.framework; name = AddressBook.framework; path = System/Library/Frameworks/AddressBook.framework; sourceTree = SDKROOT; };
		422E2CEF371D412D9EB4E3DE /* AFURLSessionManager.h */ = {isa = PBXFileReference; explicitFileType = undefined; fileEncoding = 4; includeInIndex = 0; lastKnownFileType = sourcecode.c.h; name = AFURLSessionManager.h; path = "cordova-plugin-advanced-http/AFURLSessionManager.h"; sourceTree = "<group>"; };
		4C264098705D4E3683055DC8 /* GoogleInterchangeUtilities.framework */ = {isa = PBXFileReference; explicitFileType = undefined; fileEncoding = 9; includeInIndex = 0; lastKnownFileType = wrapper.framework; name = GoogleInterchangeUtilities.framework; path = "vmsApp/Plugins/cordova-plugin-fcm-with-dependecy-updated/GoogleInterchangeUtilities.framework"; sourceTree = "<group>"; };
		53E4D5DF4C4D4114A86185DE /* CDVAssetLibraryFilesystem.m */ = {isa = PBXFileReference; explicitFileType = undefined; fileEncoding = 4; includeInIndex = 0; lastKnownFileType = sourcecode.c.objc; name = CDVAssetLibraryFilesystem.m; path = "cordova-plugin-file/CDVAssetLibraryFilesystem.m"; sourceTree = "<group>"; };
		56A00DA28A3D4383B4644C25 /* FirebaseCore.framework */ = {isa = PBXFileReference; explicitFileType = undefined; fileEncoding = 9; includeInIndex = 0; lastKnownFileType = wrapper.framework; name = FirebaseCore.framework; path = "vmsApp/Plugins/cordova-plugin-fcm-with-dependecy-updated/FirebaseCore.framework"; sourceTree = "<group>"; };
		5E3110701ACD4E51A48277EA /* CDVFile.m */ = {isa = PBXFileReference; explicitFileType = undefined; fileEncoding = 4; includeInIndex = 0; lastKnownFileType = sourcecode.c.objc; name = CDVFile.m; path = "cordova-plugin-file/CDVFile.m"; sourceTree = "<group>"; };
		62AB0EB131D0470EB4608F66 /* TextResponseSerializer.m */ = {isa = PBXFileReference; explicitFileType = undefined; fileEncoding = 4; includeInIndex = 0; lastKnownFileType = sourcecode.c.objc; name = TextResponseSerializer.m; path = "cordova-plugin-advanced-http/TextResponseSerializer.m"; sourceTree = "<group>"; };
		6358B0270D884EC288953DAE /* FirebaseAnalytics.framework */ = {isa = PBXFileReference; explicitFileType = undefined; fileEncoding = 9; includeInIndex = 0; lastKnownFileType = wrapper.framework; name = FirebaseAnalytics.framework; path = "vmsApp/Plugins/cordova-plugin-fcm-with-dependecy-updated/FirebaseAnalytics.framework"; sourceTree = "<group>"; };
		63D81D140B184C0FB2C78E2E /* FBSDKCoreKit.framework */ = {isa = PBXFileReference; explicitFileType = undefined; fileEncoding = 9; includeInIndex = 0; lastKnownFileType = wrapper.framework; name = FBSDKCoreKit.framework; path = "vmsApp/Plugins/cordova-plugin-facebook4/FBSDKCoreKit.framework"; sourceTree = "<group>"; };
		6648AAA3BFFB4AE993E6CA10 /* CordovaHttpPlugin.h */ = {isa = PBXFileReference; explicitFileType = undefined; fileEncoding = 4; includeInIndex = 0; lastKnownFileType = sourcecode.c.h; name = CordovaHttpPlugin.h; path = "cordova-plugin-advanced-http/CordovaHttpPlugin.h"; sourceTree = "<group>"; };
		697588F94CB7476485E80FCF /* libsqlite3.0.tbd */ = {isa = PBXFileReference; explicitFileType = undefined; fileEncoding = 9; includeInIndex = 0; lastKnownFileType = "sourcecode.text-based-dylib-definition"; name = libsqlite3.0.tbd; path = usr/lib/libsqlite3.0.tbd; sourceTree = SDKROOT; };
		6AFF5BF81D6E424B00AB3073 /* CDVLaunchScreen.storyboard */ = {isa = PBXFileReference; fileEncoding = 4; lastKnownFileType = file.storyboard; name = CDVLaunchScreen.storyboard; path = vmsApp/CDVLaunchScreen.storyboard; sourceTree = SOURCE_ROOT; };
		759ECAA609114164ABC0143F /* AFSecurityPolicy.h */ = {isa = PBXFileReference; explicitFileType = undefined; fileEncoding = 4; includeInIndex = 0; lastKnownFileType = sourcecode.c.h; name = AFSecurityPolicy.h; path = "cordova-plugin-advanced-http/AFSecurityPolicy.h"; sourceTree = "<group>"; };
		7A0BF16EEF36482D9A3070AD /* CDVDevice.m */ = {isa = PBXFileReference; explicitFileType = undefined; fileEncoding = 4; includeInIndex = 0; lastKnownFileType = sourcecode.c.objc; name = CDVDevice.m; path = "cordova-plugin-device/CDVDevice.m"; sourceTree = "<group>"; };
		7AD1161494BC44ED86D13272 /* Bolts.framework */ = {isa = PBXFileReference; explicitFileType = undefined; fileEncoding = 9; includeInIndex = 0; lastKnownFileType = wrapper.framework; name = Bolts.framework; path = "vmsApp/Plugins/cordova-plugin-facebook4/Bolts.framework"; sourceTree = "<group>"; };
		7AD78A9683A348E382651D64 /* CDVConnection.m */ = {isa = PBXFileReference; explicitFileType = undefined; fileEncoding = 4; includeInIndex = 0; lastKnownFileType = sourcecode.c.objc; name = CDVConnection.m; path = "cordova-plugin-network-information/CDVConnection.m"; sourceTree = "<group>"; };
		7BFF2DC472CE4D028280AB3A /* GoogleUtilities.framework */ = {isa = PBXFileReference; explicitFileType = undefined; fileEncoding = 9; includeInIndex = 0; lastKnownFileType = wrapper.framework; name = GoogleUtilities.framework; path = "vmsApp/Plugins/cordova-plugin-fcm-with-dependecy-updated/GoogleUtilities.framework"; sourceTree = "<group>"; };
		80AB03956EDD4185945DC6F5 /* FCMPlugin.m */ = {isa = PBXFileReference; explicitFileType = undefined; fileEncoding = 4; includeInIndex = 0; lastKnownFileType = sourcecode.c.objc; name = FCMPlugin.m; path = "cordova-plugin-fcm-with-dependecy-updated/FCMPlugin.m"; sourceTree = "<group>"; };
		8CF281FDDBA94BF28D032081 /* SDNetworkActivityIndicator.h */ = {isa = PBXFileReference; explicitFileType = undefined; fileEncoding = 4; includeInIndex = 0; lastKnownFileType = sourcecode.c.h; name = SDNetworkActivityIndicator.h; path = "cordova-plugin-advanced-http/SDNetworkActivityIndicator.h"; sourceTree = "<group>"; };
		8D1107310486CEB800E47090 /* vmsApp-Info.plist */ = {isa = PBXFileReference; fileEncoding = 4; lastKnownFileType = text.plist.xml; name = "vmsApp-Info.plist"; path = "vmsApp/vmsApp-Info.plist"; plistStructureDefinitionIdentifier = "com.apple.xcode.plist.structure-definition.iphone.info-plist"; sourceTree = SOURCE_ROOT; };
		90E0F07E8F0F41C4AB75BAA7 /* AFURLRequestSerialization.h */ = {isa = PBXFileReference; explicitFileType = undefined; fileEncoding = 4; includeInIndex = 0; lastKnownFileType = sourcecode.c.h; name = AFURLRequestSerialization.h; path = "cordova-plugin-advanced-http/AFURLRequestSerialization.h"; sourceTree = "<group>"; };
		9786105FA65B4B1D9123DB84 /* GoogleIPhoneUtilities.framework */ = {isa = PBXFileReference; explicitFileType = undefined; fileEncoding = 9; includeInIndex = 0; lastKnownFileType = wrapper.framework; name = GoogleIPhoneUtilities.framework; path = "vmsApp/Plugins/cordova-plugin-fcm-with-dependecy-updated/GoogleIPhoneUtilities.framework"; sourceTree = "<group>"; };
		980D35D7413240668B7D243F /* TextResponseSerializer.h */ = {isa = PBXFileReference; explicitFileType = undefined; fileEncoding = 4; includeInIndex = 0; lastKnownFileType = sourcecode.c.h; name = TextResponseSerializer.h; path = "cordova-plugin-advanced-http/TextResponseSerializer.h"; sourceTree = "<group>"; };
		9A894C03B215480FAA49A179 /* TextRequestSerializer.h */ = {isa = PBXFileReference; explicitFileType = undefined; fileEncoding = 4; includeInIndex = 0; lastKnownFileType = sourcecode.c.h; name = TextRequestSerializer.h; path = "cordova-plugin-advanced-http/TextRequestSerializer.h"; sourceTree = "<group>"; };
		9DDA3B8D813F46FD9DEC45DB /* FirebaseMessaging.framework */ = {isa = PBXFileReference; explicitFileType = undefined; fileEncoding = 9; includeInIndex = 0; lastKnownFileType = wrapper.framework; name = FirebaseMessaging.framework; path = "vmsApp/Plugins/cordova-plugin-fcm-with-dependecy-updated/FirebaseMessaging.framework"; sourceTree = "<group>"; };
		A26ECEFDEA77486ABD17C246 /* Security.framework */ = {isa = PBXFileReference; explicitFileType = undefined; fileEncoding = 9; includeInIndex = 0; lastKnownFileType = wrapper.framework; name = Security.framework; path = System/Library/Frameworks/Security.framework; sourceTree = SDKROOT; };
		A4A50CE69DFA4067B0E07BC2 /* CDVIonicKeyboard.m */ = {isa = PBXFileReference; explicitFileType = undefined; fileEncoding = 4; includeInIndex = 0; lastKnownFileType = sourcecode.c.objc; name = CDVIonicKeyboard.m; path = "cordova-plugin-ionic-keyboard/CDVIonicKeyboard.m"; sourceTree = "<group>"; };
		A883A0B215D546888C0A7E9A /* CDVReachability.h */ = {isa = PBXFileReference; explicitFileType = undefined; fileEncoding = 4; includeInIndex = 0; lastKnownFileType = sourcecode.c.h; name = CDVReachability.h; path = "cordova-plugin-network-information/CDVReachability.h"; sourceTree = "<group>"; };
		ACA50C89F2544AE69749845B /* CDVConnection.h */ = {isa = PBXFileReference; explicitFileType = undefined; fileEncoding = 4; includeInIndex = 0; lastKnownFileType = sourcecode.c.h; name = CDVConnection.h; path = "cordova-plugin-network-information/CDVConnection.h"; sourceTree = "<group>"; };
		AFD1666C6FB84A6A99D17745 /* CDVSplashScreen.m */ = {isa = PBXFileReference; explicitFileType = undefined; fileEncoding = 4; includeInIndex = 0; lastKnownFileType = sourcecode.c.objc; name = CDVSplashScreen.m; path = "cordova-plugin-splashscreen/CDVSplashScreen.m"; sourceTree = "<group>"; };
		B37047AE0E61465C9BD2F4BC /* AFHTTPSessionManager.h */ = {isa = PBXFileReference; explicitFileType = undefined; fileEncoding = 4; includeInIndex = 0; lastKnownFileType = sourcecode.c.h; name = AFHTTPSessionManager.h; path = "cordova-plugin-advanced-http/AFHTTPSessionManager.h"; sourceTree = "<group>"; };
		B66E61DC7A714C2C91F7C92B /* AFNetworking.h */ = {isa = PBXFileReference; explicitFileType = undefined; fileEncoding = 4; includeInIndex = 0; lastKnownFileType = sourcecode.c.h; name = AFNetworking.h; path = "cordova-plugin-advanced-http/AFNetworking.h"; sourceTree = "<group>"; };
		B9839EA28BEE4D8989560901 /* AppDelegate+FCMPlugin.m */ = {isa = PBXFileReference; explicitFileType = undefined; fileEncoding = 4; includeInIndex = 0; lastKnownFileType = sourcecode.c.objc; name = "AppDelegate+FCMPlugin.m"; path = "cordova-plugin-fcm-with-dependecy-updated/AppDelegate+FCMPlugin.m"; sourceTree = "<group>"; };
		BE9C61869E1F41768A604653 /* FacebookConnectPlugin.m */ = {isa = PBXFileReference; explicitFileType = undefined; fileEncoding = 4; includeInIndex = 0; lastKnownFileType = sourcecode.c.objc; name = FacebookConnectPlugin.m; path = "cordova-plugin-facebook4/FacebookConnectPlugin.m"; sourceTree = "<group>"; };
		C45D78112377403C803473AB /* CoreTelephony.framework */ = {isa = PBXFileReference; explicitFileType = undefined; fileEncoding = 9; includeInIndex = 0; lastKnownFileType = wrapper.framework; name = CoreTelephony.framework; path = System/Library/Frameworks/CoreTelephony.framework; sourceTree = SDKROOT; };
		C4E8EEE44F5A42D5ABC618C4 /* FirebaseInstanceID.framework */ = {isa = PBXFileReference; explicitFileType = undefined; fileEncoding = 9; includeInIndex = 0; lastKnownFileType = wrapper.framework; name = FirebaseInstanceID.framework; path = "vmsApp/Plugins/cordova-plugin-fcm-with-dependecy-updated/FirebaseInstanceID.framework"; sourceTree = "<group>"; };
		C86318D7419A4F6AA675E9FE /* CDVViewController+SplashScreen.h */ = {isa = PBXFileReference; explicitFileType = undefined; fileEncoding = 4; includeInIndex = 0; lastKnownFileType = sourcecode.c.h; name = "CDVViewController+SplashScreen.h"; path = "cordova-plugin-splashscreen/CDVViewController+SplashScreen.h"; sourceTree = "<group>"; };
		CBA346AA4F0549638C57EDEA /* CDVViewController+SplashScreen.m */ = {isa = PBXFileReference; explicitFileType = undefined; fileEncoding = 4; includeInIndex = 0; lastKnownFileType = sourcecode.c.objc; name = "CDVViewController+SplashScreen.m"; path = "cordova-plugin-splashscreen/CDVViewController+SplashScreen.m"; sourceTree = "<group>"; };
		D337936730254BE5A1BECA18 /* FacebookConnectPlugin.h */ = {isa = PBXFileReference; explicitFileType = undefined; fileEncoding = 4; includeInIndex = 0; lastKnownFileType = sourcecode.c.h; name = FacebookConnectPlugin.h; path = "cordova-plugin-facebook4/FacebookConnectPlugin.h"; sourceTree = "<group>"; };
		D70D34A454464C70A0C50B09 /* AFNetworkReachabilityManager.h */ = {isa = PBXFileReference; explicitFileType = undefined; fileEncoding = 4; includeInIndex = 0; lastKnownFileType = sourcecode.c.h; name = AFNetworkReachabilityManager.h; path = "cordova-plugin-advanced-http/AFNetworkReachabilityManager.h"; sourceTree = "<group>"; };
		E5639A9A8BA7415F9EBF0EE9 /* FBSDKLoginKit.framework */ = {isa = PBXFileReference; explicitFileType = undefined; fileEncoding = 9; includeInIndex = 0; lastKnownFileType = wrapper.framework; name = FBSDKLoginKit.framework; path = "vmsApp/Plugins/cordova-plugin-facebook4/FBSDKLoginKit.framework"; sourceTree = "<group>"; };
		EABA7DCBAC934561ABA85D05 /* SDNetworkActivityIndicator.m */ = {isa = PBXFileReference; explicitFileType = undefined; fileEncoding = 4; includeInIndex = 0; lastKnownFileType = sourcecode.c.objc; name = SDNetworkActivityIndicator.m; path = "cordova-plugin-advanced-http/SDNetworkActivityIndicator.m"; sourceTree = "<group>"; };
		EB088F2E462A488DBCA5785F /* AFSecurityPolicy.m */ = {isa = PBXFileReference; explicitFileType = undefined; fileEncoding = 4; includeInIndex = 0; lastKnownFileType = sourcecode.c.objc; name = AFSecurityPolicy.m; path = "cordova-plugin-advanced-http/AFSecurityPolicy.m"; sourceTree = "<group>"; };
		EB87FDF31871DA8E0020F90C /* www */ = {isa = PBXFileReference; lastKnownFileType = folder; name = www; path = ../../www; sourceTree = "<group>"; };
		EB87FDF41871DAF40020F90C /* config.xml */ = {isa = PBXFileReference; lastKnownFileType = text.xml; name = config.xml; path = ../../config.xml; sourceTree = "<group>"; };
		ED33DF2A687741AEAF9F8254 /* Bridging-Header.h */ = {isa = PBXFileReference; fileEncoding = 4; lastKnownFileType = sourcecode.c.h; path = "Bridging-Header.h"; sourceTree = "<group>"; };
		EE8FF16A7FAB488C91CF36E7 /* AFURLResponseSerialization.m */ = {isa = PBXFileReference; explicitFileType = undefined; fileEncoding = 4; includeInIndex = 0; lastKnownFileType = sourcecode.c.objc; name = AFURLResponseSerialization.m; path = "cordova-plugin-advanced-http/AFURLResponseSerialization.m"; sourceTree = "<group>"; };
		EEE8ED6458384B509A0755D7 /* CDVSplashScreen.h */ = {isa = PBXFileReference; explicitFileType = undefined; fileEncoding = 4; includeInIndex = 0; lastKnownFileType = sourcecode.c.h; name = CDVSplashScreen.h; path = "cordova-plugin-splashscreen/CDVSplashScreen.h"; sourceTree = "<group>"; };
		EF80C054FB584FC49E2F9F72 /* CDVDevice.h */ = {isa = PBXFileReference; explicitFileType = undefined; fileEncoding = 4; includeInIndex = 0; lastKnownFileType = sourcecode.c.h; name = CDVDevice.h; path = "cordova-plugin-device/CDVDevice.h"; sourceTree = "<group>"; };
		F0667D9E4FF64678A7B272DE /* CordovaHttpPlugin.m */ = {isa = PBXFileReference; explicitFileType = undefined; fileEncoding = 4; includeInIndex = 0; lastKnownFileType = sourcecode.c.objc; name = CordovaHttpPlugin.m; path = "cordova-plugin-advanced-http/CordovaHttpPlugin.m"; sourceTree = "<group>"; };
		F46A6F53844D4D179E01426C /* CDVLocalFilesystem.h */ = {isa = PBXFileReference; explicitFileType = undefined; fileEncoding = 4; includeInIndex = 0; lastKnownFileType = sourcecode.c.h; name = CDVLocalFilesystem.h; path = "cordova-plugin-file/CDVLocalFilesystem.h"; sourceTree = "<group>"; };
		F840E1F0165FE0F500CFE078 /* config.xml */ = {isa = PBXFileReference; lastKnownFileType = text.xml; name = config.xml; path = vmsApp/config.xml; sourceTree = "<group>"; };
		FA19D349AEC84B8ABD2D9DD4 /* CDVLocalFilesystem.m */ = {isa = PBXFileReference; explicitFileType = undefined; fileEncoding = 4; includeInIndex = 0; lastKnownFileType = sourcecode.c.objc; name = CDVLocalFilesystem.m; path = "cordova-plugin-file/CDVLocalFilesystem.m"; sourceTree = "<group>"; };
		FA940694D45D4D5FAADD8309 /* AppDelegate+FCMPlugin.h */ = {isa = PBXFileReference; explicitFileType = undefined; fileEncoding = 4; includeInIndex = 0; lastKnownFileType = sourcecode.c.h; name = "AppDelegate+FCMPlugin.h"; path = "cordova-plugin-fcm-with-dependecy-updated/AppDelegate+FCMPlugin.h"; sourceTree = "<group>"; };
		FA9FD36EFABD4D50B311B8E3 /* CDVReachability.m */ = {isa = PBXFileReference; explicitFileType = undefined; fileEncoding = 4; includeInIndex = 0; lastKnownFileType = sourcecode.c.objc; name = CDVReachability.m; path = "cordova-plugin-network-information/CDVReachability.m"; sourceTree = "<group>"; };
		FB9C97E615144D628D0E11CE /* AFURLResponseSerialization.h */ = {isa = PBXFileReference; explicitFileType = undefined; fileEncoding = 4; includeInIndex = 0; lastKnownFileType = sourcecode.c.h; name = AFURLResponseSerialization.h; path = "cordova-plugin-advanced-http/AFURLResponseSerialization.h"; sourceTree = "<group>"; };
		FE7A843945D544638866B3C6 /* GoogleService-Info.plist */ = {isa = PBXFileReference; explicitFileType = undefined; fileEncoding = 4; includeInIndex = 0; lastKnownFileType = text.plist.xml; name = "GoogleService-Info.plist"; path = "Resources/GoogleService-Info.plist"; sourceTree = "<group>"; };
		E0E0F6BDCFB149E8B08CE261 /* CDVInAppBrowser.m */ = {isa = PBXFileReference; name = "CDVInAppBrowser.m"; path = "cordova-plugin-inappbrowser/CDVInAppBrowser.m"; sourceTree = "<group>"; fileEncoding = 4; lastKnownFileType = sourcecode.c.objc; explicitFileType = undefined; includeInIndex = 0; };
		DBEA1635355D40F784C75370 /* CDVInAppBrowser.h */ = {isa = PBXFileReference; name = "CDVInAppBrowser.h"; path = "cordova-plugin-inappbrowser/CDVInAppBrowser.h"; sourceTree = "<group>"; fileEncoding = 4; lastKnownFileType = sourcecode.c.h; explicitFileType = undefined; includeInIndex = 0; };
		A12CFC24CEA6411BBC058452 /* NativeStorage.m */ = {isa = PBXFileReference; name = "NativeStorage.m"; path = "cordova-plugin-nativestorage/NativeStorage.m"; sourceTree = "<group>"; fileEncoding = 4; lastKnownFileType = sourcecode.c.objc; explicitFileType = undefined; includeInIndex = 0; };
		6CB978FF90E246B79C53027B /* NativeStorage.h */ = {isa = PBXFileReference; name = "NativeStorage.h"; path = "cordova-plugin-nativestorage/NativeStorage.h"; sourceTree = "<group>"; fileEncoding = 4; lastKnownFileType = sourcecode.c.h; explicitFileType = undefined; includeInIndex = 0; };
/* End PBXFileReference section */

/* Begin PBXFrameworksBuildPhase section */
		1D60588F0D05DD3D006BFB54 /* Frameworks */ = {
			isa = PBXFrameworksBuildPhase;
			buildActionMask = 2147483647;
			files = (
				301BF552109A68D80062928A /* libCordova.a in Frameworks */,
				9D5C4B9810DC406C81510596 /* Security.framework in Frameworks */,
				604798C7FF514BDF8414EA0F /* SystemConfiguration.framework in Frameworks */,
				5D3924A9C79E4AEF8FDA0384 /* Bolts.framework in Frameworks */,
				AE1318A84B724653A7AFDAF8 /* FBSDKCoreKit.framework in Frameworks */,
				6AE49032C1B346E19EB1233F /* FBSDKLoginKit.framework in Frameworks */,
				23BA42AC488A4D70B36D4B8C /* FBSDKShareKit.framework in Frameworks */,
				9FB4E952044344838AF28697 /* FirebaseAnalytics.framework in Frameworks */,
				2207488080324CC1B911C600 /* FirebaseCore.framework in Frameworks */,
				72FBFB41DC0E427FA9F32E0F /* FirebaseInstanceID.framework in Frameworks */,
				B30BB8A235664C34BC752C5A /* FirebaseMessaging.framework in Frameworks */,
				78683663839C4152A903F435 /* GoogleInterchangeUtilities.framework in Frameworks */,
				0507DD0C0131409597F07B4B /* GoogleIPhoneUtilities.framework in Frameworks */,
				43B0B78319254EF3983A7A8C /* GoogleSymbolUtilities.framework in Frameworks */,
				EEB52CA509A1401AA41F64D8 /* GoogleUtilities.framework in Frameworks */,
				19D27E0B5120417FAECD0EA8 /* libc++.tbd in Frameworks */,
				5E9ED3B1DB1E4B72829E7B52 /* libz.tbd in Frameworks */,
				3236888D776D46CCBC4F8F22 /* AddressBook.framework in Frameworks */,
				CC819D52013B4F888CBFE7EE /* libsqlite3.0.tbd in Frameworks */,
				7D30D182D7D54423A3F6FF2F /* CoreTelephony.framework in Frameworks */,
			);
			runOnlyForDeploymentPostprocessing = 0;
		};
/* End PBXFrameworksBuildPhase section */

/* Begin PBXGroup section */
		080E96DDFE201D6D7F000001 /* Classes */ = {
			isa = PBXGroup;
			children = (
				302D95EE14D2391D003F00A1 /* MainViewController.h */,
				302D95EF14D2391D003F00A1 /* MainViewController.m */,
				302D95F014D2391D003F00A1 /* MainViewController.xib */,
				1D3623240D0F684500981E51 /* AppDelegate.h */,
				1D3623250D0F684500981E51 /* AppDelegate.m */,
			);
			name = Classes;
			path = vmsApp/Classes;
			sourceTree = SOURCE_ROOT;
		};
		19C28FACFE9D520D11CA2CBB /* Products */ = {
			isa = PBXGroup;
			children = (
				1D6058910D05DD3D006BFB54 /* vmsApp.app */,
			);
			name = Products;
			sourceTree = "<group>";
		};
		29B97314FDCFA39411CA2CEA /* CustomTemplate */ = {
			isa = PBXGroup;
			children = (
				EB87FDF41871DAF40020F90C /* config.xml */,
				EB87FDF31871DA8E0020F90C /* www */,
				EB87FDF11871DA420020F90C /* Staging */,
				301BF52D109A57CC0062928A /* CordovaLib/CordovaLib.xcodeproj */,
				080E96DDFE201D6D7F000001 /* Classes */,
				307C750510C5A3420062BCA9 /* Plugins */,
				29B97315FDCFA39411CA2CEA /* Other Sources */,
				29B97317FDCFA39411CA2CEA /* Resources */,
				29B97323FDCFA39411CA2CEA /* Frameworks */,
				19C28FACFE9D520D11CA2CBB /* Products */,
			);
			name = CustomTemplate;
			sourceTree = "<group>";
		};
		29B97315FDCFA39411CA2CEA /* Other Sources */ = {
			isa = PBXGroup;
			children = (
				32CA4F630368D1EE00C91783 /* vmsApp-Prefix.pch */,
				29B97316FDCFA39411CA2CEA /* main.m */,
				ED33DF2A687741AEAF9F8254 /* Bridging-Header.h */,
			);
			name = "Other Sources";
			path = vmsApp;
			sourceTree = "<group>";
		};
		29B97317FDCFA39411CA2CEA /* Resources */ = {
			isa = PBXGroup;
			children = (
				0207DA571B56EA530066E2B4 /* Images.xcassets */,
				3047A50E1AB8057F00498E2A /* config */,
				8D1107310486CEB800E47090 /* vmsApp-Info.plist */,
				6AFF5BF81D6E424B00AB3073 /* CDVLaunchScreen.storyboard */,
				FE7A843945D544638866B3C6 /* GoogleService-Info.plist */,
			);
			name = Resources;
			path = vmsApp/Resources;
			sourceTree = "<group>";
		};
		29B97323FDCFA39411CA2CEA /* Frameworks */ = {
			isa = PBXGroup;
			children = (
				A26ECEFDEA77486ABD17C246 /* Security.framework */,
				15FABC70E059494DAF79DCF1 /* SystemConfiguration.framework */,
				7AD1161494BC44ED86D13272 /* Bolts.framework */,
				63D81D140B184C0FB2C78E2E /* FBSDKCoreKit.framework */,
				E5639A9A8BA7415F9EBF0EE9 /* FBSDKLoginKit.framework */,
				150F2F7FB89E42049707AB28 /* FBSDKShareKit.framework */,
				6358B0270D884EC288953DAE /* FirebaseAnalytics.framework */,
				56A00DA28A3D4383B4644C25 /* FirebaseCore.framework */,
				C4E8EEE44F5A42D5ABC618C4 /* FirebaseInstanceID.framework */,
				9DDA3B8D813F46FD9DEC45DB /* FirebaseMessaging.framework */,
				4C264098705D4E3683055DC8 /* GoogleInterchangeUtilities.framework */,
				9786105FA65B4B1D9123DB84 /* GoogleIPhoneUtilities.framework */,
				06E3FF3A267A4068BED624B0 /* GoogleSymbolUtilities.framework */,
				7BFF2DC472CE4D028280AB3A /* GoogleUtilities.framework */,
				2E0A52BBC9E04F1C95BB3045 /* libc++.tbd */,
				2F3462FACF0D4D75B4249534 /* libz.tbd */,
				3F5CEF622C3043FE902DDACB /* AddressBook.framework */,
				697588F94CB7476485E80FCF /* libsqlite3.0.tbd */,
				C45D78112377403C803473AB /* CoreTelephony.framework */,
			);
			name = Frameworks;
			sourceTree = "<group>";
		};
		301BF52E109A57CC0062928A /* Products */ = {
			isa = PBXGroup;
			children = (
				301BF535109A57CC0062928A /* libCordova.a */,
				183670012175DF4E00363ED0 /* Cordova.framework */,
			);
			name = Products;
			sourceTree = "<group>";
		};
		3047A50E1AB8057F00498E2A /* config */ = {
			isa = PBXGroup;
			children = (
				3047A50F1AB8059700498E2A /* build-debug.xcconfig */,
				3047A5101AB8059700498E2A /* build-release.xcconfig */,
				3047A5111AB8059700498E2A /* build.xcconfig */,
			);
			name = config;
			sourceTree = "<group>";
		};
		307C750510C5A3420062BCA9 /* Plugins */ = {
			isa = PBXGroup;
			children = (
				5E3110701ACD4E51A48277EA /* CDVFile.m */,
				FA19D349AEC84B8ABD2D9DD4 /* CDVLocalFilesystem.m */,
				53E4D5DF4C4D4114A86185DE /* CDVAssetLibraryFilesystem.m */,
				218BC64E62FD4A059307EB40 /* CDVFile.h */,
				F46A6F53844D4D179E01426C /* CDVLocalFilesystem.h */,
				08B0A046A60F42D3BBAFCAE2 /* CDVAssetLibraryFilesystem.h */,
				F0667D9E4FF64678A7B272DE /* CordovaHttpPlugin.m */,
				62AB0EB131D0470EB4608F66 /* TextResponseSerializer.m */,
				3A1030B733274D479CE23115 /* TextRequestSerializer.m */,
				3E648F31BE1245BC9206180B /* AFHTTPSessionManager.m */,
				0002537CFC8843D5BE3B175F /* AFNetworkReachabilityManager.m */,
				EB088F2E462A488DBCA5785F /* AFSecurityPolicy.m */,
				31986BE56C6040718324733F /* AFURLRequestSerialization.m */,
				EE8FF16A7FAB488C91CF36E7 /* AFURLResponseSerialization.m */,
				198AD611D5D942948D7D7159 /* AFURLSessionManager.m */,
				EABA7DCBAC934561ABA85D05 /* SDNetworkActivityIndicator.m */,
				6648AAA3BFFB4AE993E6CA10 /* CordovaHttpPlugin.h */,
				980D35D7413240668B7D243F /* TextResponseSerializer.h */,
				9A894C03B215480FAA49A179 /* TextRequestSerializer.h */,
				B37047AE0E61465C9BD2F4BC /* AFHTTPSessionManager.h */,
				B66E61DC7A714C2C91F7C92B /* AFNetworking.h */,
				D70D34A454464C70A0C50B09 /* AFNetworkReachabilityManager.h */,
				759ECAA609114164ABC0143F /* AFSecurityPolicy.h */,
				90E0F07E8F0F41C4AB75BAA7 /* AFURLRequestSerialization.h */,
				FB9C97E615144D628D0E11CE /* AFURLResponseSerialization.h */,
				422E2CEF371D412D9EB4E3DE /* AFURLSessionManager.h */,
				8CF281FDDBA94BF28D032081 /* SDNetworkActivityIndicator.h */,
				7A0BF16EEF36482D9A3070AD /* CDVDevice.m */,
				EF80C054FB584FC49E2F9F72 /* CDVDevice.h */,
				BE9C61869E1F41768A604653 /* FacebookConnectPlugin.m */,
				D337936730254BE5A1BECA18 /* FacebookConnectPlugin.h */,
				80AB03956EDD4185945DC6F5 /* FCMPlugin.m */,
				B9839EA28BEE4D8989560901 /* AppDelegate+FCMPlugin.m */,
				306469A271674A679B1BC4B6 /* FCMPlugin.h */,
				FA940694D45D4D5FAADD8309 /* AppDelegate+FCMPlugin.h */,
				229311BF23FA4E8D8D005D94 /* Firebase.h */,
				A4A50CE69DFA4067B0E07BC2 /* CDVIonicKeyboard.m */,
				22A2CFC7F69B4535B5CF38D2 /* CDVIonicKeyboard.h */,
				7AD78A9683A348E382651D64 /* CDVConnection.m */,
				FA9FD36EFABD4D50B311B8E3 /* CDVReachability.m */,
				ACA50C89F2544AE69749845B /* CDVConnection.h */,
				A883A0B215D546888C0A7E9A /* CDVReachability.h */,
				AFD1666C6FB84A6A99D17745 /* CDVSplashScreen.m */,
				CBA346AA4F0549638C57EDEA /* CDVViewController+SplashScreen.m */,
				EEE8ED6458384B509A0755D7 /* CDVSplashScreen.h */,
				C86318D7419A4F6AA675E9FE /* CDVViewController+SplashScreen.h */,
				E0E0F6BDCFB149E8B08CE261 /* CDVInAppBrowser.m */,
				DBEA1635355D40F784C75370 /* CDVInAppBrowser.h */,
				A12CFC24CEA6411BBC058452 /* NativeStorage.m */,
				6CB978FF90E246B79C53027B /* NativeStorage.h */,
			);
			name = Plugins;
			path = vmsApp/Plugins;
			sourceTree = SOURCE_ROOT;
		};
		EB87FDF11871DA420020F90C /* Staging */ = {
			isa = PBXGroup;
			children = (
				F840E1F0165FE0F500CFE078 /* config.xml */,
				301BF56E109A69640062928A /* www */,
			);
			name = Staging;
			sourceTree = "<group>";
		};
/* End PBXGroup section */

/* Begin PBXNativeTarget section */
		1D6058900D05DD3D006BFB54 /* vmsApp */ = {
			isa = PBXNativeTarget;
			buildConfigurationList = 1D6058960D05DD3E006BFB54 /* Build configuration list for PBXNativeTarget "vmsApp" */;
			buildPhases = (
				304B58A110DAC018002A0835 /* Copy www directory */,
				1D60588D0D05DD3D006BFB54 /* Resources */,
				1D60588E0D05DD3D006BFB54 /* Sources */,
				1D60588F0D05DD3D006BFB54 /* Frameworks */,
			);
			buildRules = (
			);
			dependencies = (
				301BF551109A68C00062928A /* PBXTargetDependency */,
			);
			name = vmsApp;
			productName = vmsApp;
			productReference = 1D6058910D05DD3D006BFB54 /* vmsApp.app */;
			productType = "com.apple.product-type.application";
		};
/* End PBXNativeTarget section */

/* Begin PBXProject section */
		29B97313FDCFA39411CA2CEA /* Project object */ = {
			isa = PBXProject;
			attributes = {
				LastUpgradeCheck = 510;
				TargetAttributes = {
					1D6058900D05DD3D006BFB54 = {
						DevelopmentTeam = YKA4SGYAN7;
						SystemCapabilities = {
							com.apple.Push = {
								enabled = 1;
							};
						};
					};
				};
			};
			buildConfigurationList = C01FCF4E08A954540054247B /* Build configuration list for PBXProject "vmsApp" */;
			compatibilityVersion = "Xcode 3.2";
			developmentRegion = English;
			hasScannedForEncodings = 1;
			knownRegions = (
				en,
			);
			mainGroup = 29B97314FDCFA39411CA2CEA /* CustomTemplate */;
			projectDirPath = "";
			projectReferences = (
				{
					ProductGroup = 301BF52E109A57CC0062928A /* Products */;
					ProjectRef = 301BF52D109A57CC0062928A /* CordovaLib/CordovaLib.xcodeproj */;
				},
			);
			projectRoot = "";
			targets = (
				1D6058900D05DD3D006BFB54 /* vmsApp */,
			);
		};
/* End PBXProject section */

/* Begin PBXReferenceProxy section */
		183670012175DF4E00363ED0 /* Cordova.framework */ = {
			isa = PBXReferenceProxy;
			fileType = wrapper.framework;
			path = Cordova.framework;
			remoteRef = 183670002175DF4E00363ED0 /* PBXContainerItemProxy */;
			sourceTree = BUILT_PRODUCTS_DIR;
		};
		301BF535109A57CC0062928A /* libCordova.a */ = {
			isa = PBXReferenceProxy;
			fileType = archive.ar;
			path = libCordova.a;
			remoteRef = 301BF534109A57CC0062928A /* PBXContainerItemProxy */;
			sourceTree = BUILT_PRODUCTS_DIR;
		};
/* End PBXReferenceProxy section */

/* Begin PBXResourcesBuildPhase section */
		1D60588D0D05DD3D006BFB54 /* Resources */ = {
			isa = PBXResourcesBuildPhase;
			buildActionMask = 2147483647;
			files = (
				302D95F214D2391D003F00A1 /* MainViewController.xib in Resources */,
				0207DA581B56EA530066E2B4 /* Images.xcassets in Resources */,
				6AFF5BF91D6E424B00AB3073 /* CDVLaunchScreen.storyboard in Resources */,
				B83C6103D8AE4FE5A29A752B /* GoogleService-Info.plist in Resources */,
			);
			runOnlyForDeploymentPostprocessing = 0;
		};
/* End PBXResourcesBuildPhase section */

/* Begin PBXShellScriptBuildPhase section */
		304B58A110DAC018002A0835 /* Copy www directory */ = {
			isa = PBXShellScriptBuildPhase;
			buildActionMask = 2147483647;
			files = (
			);
			inputPaths = (
			);
			name = "Copy www directory";
			outputPaths = (
			);
			runOnlyForDeploymentPostprocessing = 0;
			shellPath = /bin/sh;
			shellScript = "NODEJS_PATH=/usr/local/bin; NVM_NODE_PATH=~/.nvm/versions/node/`nvm version 2>/dev/null`/bin; N_NODE_PATH=`find /usr/local/n/versions/node/* -maxdepth 0 -type d 2>/dev/null | tail -1`/bin; XCODE_NODE_PATH=`xcode-select --print-path`/usr/share/xcs/Node/bin; PATH=$NODEJS_PATH:$NVM_NODE_PATH:$N_NODE_PATH:$XCODE_NODE_PATH:$PATH && node cordova/lib/copy-www-build-step.js";
			showEnvVarsInLog = 0;
		};
/* End PBXShellScriptBuildPhase section */

/* Begin PBXSourcesBuildPhase section */
		1D60588E0D05DD3D006BFB54 /* Sources */ = {
			isa = PBXSourcesBuildPhase;
			buildActionMask = 2147483647;
			files = (
				1D60589B0D05DD56006BFB54 /* main.m in Sources */,
				1D3623260D0F684500981E51 /* AppDelegate.m in Sources */,
				302D95F114D2391D003F00A1 /* MainViewController.m in Sources */,
				3480DB4B43324032887DBB22 /* CDVFile.m in Sources */,
				23FF41361C0047BCB460E334 /* CDVLocalFilesystem.m in Sources */,
				45199C5A533B47CAB29743DE /* CDVAssetLibraryFilesystem.m in Sources */,
				42D64497DCC947EE881984D0 /* CordovaHttpPlugin.m in Sources */,
				2A5F2F1817B647FA89F8DC7C /* TextResponseSerializer.m in Sources */,
				8F81B24623464AFCA24F0E28 /* TextRequestSerializer.m in Sources */,
				FEB25CD10A6A40E1B0B03388 /* AFHTTPSessionManager.m in Sources */,
				17496237A56E409EA7C35363 /* AFNetworkReachabilityManager.m in Sources */,
				39B02F1AAB724D04B3F17066 /* AFSecurityPolicy.m in Sources */,
				3993B792B5614E20A4F46CD7 /* AFURLRequestSerialization.m in Sources */,
				06CE94218AA347D081E4954B /* AFURLResponseSerialization.m in Sources */,
				D400A7A1E8AB4D579C55D593 /* AFURLSessionManager.m in Sources */,
				43A978C2C0B4429B95FB642D /* SDNetworkActivityIndicator.m in Sources */,
				57A5D51F2F6E4F67B87A92A5 /* CDVDevice.m in Sources */,
				15A324BB06D6472FA894198D /* FacebookConnectPlugin.m in Sources */,
				697FC01A9DC34791960ADEE0 /* FCMPlugin.m in Sources */,
				3C150BD8B6F342D38690071F /* AppDelegate+FCMPlugin.m in Sources */,
				0F6C1AD14A8A4A989E43F80F /* CDVIonicKeyboard.m in Sources */,
				1561848D80574D0ABDB02FC9 /* CDVConnection.m in Sources */,
				70302813CDF745FD99C81170 /* CDVReachability.m in Sources */,
				CC9849EDF26E4BD9848093A3 /* CDVSplashScreen.m in Sources */,
				9F326FC68C454ECFB7A49679 /* CDVViewController+SplashScreen.m in Sources */,
				0AFB26E5D1A34EE59DBD3D9F /* CDVInAppBrowser.m in Sources */,
				AF7A1B3E48E14FE2ABCF270D /* NativeStorage.m in Sources */,
			);
			runOnlyForDeploymentPostprocessing = 0;
		};
/* End PBXSourcesBuildPhase section */

/* Begin PBXTargetDependency section */
		301BF551109A68C00062928A /* PBXTargetDependency */ = {
			isa = PBXTargetDependency;
			name = CordovaLib;
			targetProxy = 301BF550109A68C00062928A /* PBXContainerItemProxy */;
		};
/* End PBXTargetDependency section */

/* Begin XCBuildConfiguration section */
		1D6058940D05DD3E006BFB54 /* Debug */ = {
			isa = XCBuildConfiguration;
			baseConfigurationReference = 3047A50F1AB8059700498E2A /* build-debug.xcconfig */;
			buildSettings = {
				ALWAYS_SEARCH_USER_PATHS = NO;
				ASSETCATALOG_COMPILER_APPICON_NAME = AppIcon;
				ASSETCATALOG_COMPILER_LAUNCHIMAGE_NAME = LaunchImage;
				CLANG_ENABLE_MODULES = YES;
				CLANG_ENABLE_OBJC_ARC = YES;
				COPY_PHASE_STRIP = NO;
				DEVELOPMENT_TEAM = YKA4SGYAN7;
				FRAMEWORK_SEARCH_PATHS = (
					"$(inherited)",
					"\"vmsApp/Plugins/cordova-plugin-facebook4\"",
					"\"vmsApp/Plugins/cordova-plugin-facebook4\"",
					"\"vmsApp/Plugins/cordova-plugin-facebook4\"",
					"\"vmsApp/Plugins/cordova-plugin-facebook4\"",
					"\"vmsApp/Plugins/cordova-plugin-fcm-with-dependecy-updated\"",
					"\"vmsApp/Plugins/cordova-plugin-fcm-with-dependecy-updated\"",
					"\"vmsApp/Plugins/cordova-plugin-fcm-with-dependecy-updated\"",
					"\"vmsApp/Plugins/cordova-plugin-fcm-with-dependecy-updated\"",
					"\"vmsApp/Plugins/cordova-plugin-fcm-with-dependecy-updated\"",
					"\"vmsApp/Plugins/cordova-plugin-fcm-with-dependecy-updated\"",
					"\"vmsApp/Plugins/cordova-plugin-fcm-with-dependecy-updated\"",
					"\"vmsApp/Plugins/cordova-plugin-fcm-with-dependecy-updated\"",
				);
				GCC_DYNAMIC_NO_PIC = NO;
				GCC_OPTIMIZATION_LEVEL = 0;
				GCC_PRECOMPILE_PREFIX_HEADER = YES;
				GCC_PREFIX_HEADER = "vmsApp/vmsApp-Prefix.pch";
				GCC_THUMB_SUPPORT = NO;
				GCC_VERSION = "";
				INFOPLIST_FILE = "vmsApp/vmsApp-Info.plist";
				IPHONEOS_DEPLOYMENT_TARGET = 9.0;
				LD_RUNPATH_SEARCH_PATHS = "@executable_path/Frameworks";
				PRODUCT_NAME = vmsApp;
				TARGETED_DEVICE_FAMILY = "1,2";
				SWIFT_OBJC_BRIDGING_HEADER = "$(PROJECT_DIR)/$(PROJECT_NAME)/Bridging-Header.h";
				ALWAYS_EMBED_SWIFT_STANDARD_LIBRARIES = YES;
				SWIFT_VERSION = 3.0;
				SWIFT_OPTIMIZATION_LEVEL = "-Onone";
			};
			name = Debug;
		};
		1D6058950D05DD3E006BFB54 /* Release */ = {
			isa = XCBuildConfiguration;
			baseConfigurationReference = 3047A5101AB8059700498E2A /* build-release.xcconfig */;
			buildSettings = {
				ALWAYS_SEARCH_USER_PATHS = NO;
				ASSETCATALOG_COMPILER_APPICON_NAME = AppIcon;
				ASSETCATALOG_COMPILER_LAUNCHIMAGE_NAME = LaunchImage;
				CLANG_ENABLE_MODULES = YES;
				CLANG_ENABLE_OBJC_ARC = YES;
				COPY_PHASE_STRIP = YES;
				DEVELOPMENT_TEAM = YKA4SGYAN7;
				FRAMEWORK_SEARCH_PATHS = (
					"$(inherited)",
					"\"vmsApp/Plugins/cordova-plugin-facebook4\"",
					"\"vmsApp/Plugins/cordova-plugin-facebook4\"",
					"\"vmsApp/Plugins/cordova-plugin-facebook4\"",
					"\"vmsApp/Plugins/cordova-plugin-facebook4\"",
					"\"vmsApp/Plugins/cordova-plugin-fcm-with-dependecy-updated\"",
					"\"vmsApp/Plugins/cordova-plugin-fcm-with-dependecy-updated\"",
					"\"vmsApp/Plugins/cordova-plugin-fcm-with-dependecy-updated\"",
					"\"vmsApp/Plugins/cordova-plugin-fcm-with-dependecy-updated\"",
					"\"vmsApp/Plugins/cordova-plugin-fcm-with-dependecy-updated\"",
					"\"vmsApp/Plugins/cordova-plugin-fcm-with-dependecy-updated\"",
					"\"vmsApp/Plugins/cordova-plugin-fcm-with-dependecy-updated\"",
					"\"vmsApp/Plugins/cordova-plugin-fcm-with-dependecy-updated\"",
				);
				GCC_PRECOMPILE_PREFIX_HEADER = YES;
				GCC_PREFIX_HEADER = "vmsApp/vmsApp-Prefix.pch";
				GCC_THUMB_SUPPORT = NO;
				GCC_VERSION = "";
				INFOPLIST_FILE = "vmsApp/vmsApp-Info.plist";
				IPHONEOS_DEPLOYMENT_TARGET = 9.0;
				LD_RUNPATH_SEARCH_PATHS = "@executable_path/Frameworks";
				PRODUCT_NAME = vmsApp;
				TARGETED_DEVICE_FAMILY = "1,2";
				SWIFT_OBJC_BRIDGING_HEADER = "$(PROJECT_DIR)/$(PROJECT_NAME)/Bridging-Header.h";
				ALWAYS_EMBED_SWIFT_STANDARD_LIBRARIES = YES;
				SWIFT_VERSION = 3.0;
			};
			name = Release;
		};
		C01FCF4F08A954540054247B /* Debug */ = {
			isa = XCBuildConfiguration;
			baseConfigurationReference = 3047A5111AB8059700498E2A /* build.xcconfig */;
			buildSettings = {
				CLANG_ENABLE_MODULES = YES;
				CLANG_ENABLE_OBJC_ARC = YES;
				CLANG_WARN_BOOL_CONVERSION = YES;
				CLANG_WARN_CONSTANT_CONVERSION = YES;
				CLANG_WARN_EMPTY_BODY = YES;
				CLANG_WARN_ENUM_CONVERSION = YES;
				CLANG_WARN_INT_CONVERSION = YES;
				CLANG_WARN__DUPLICATE_METHOD_MATCH = YES;
				GCC_C_LANGUAGE_STANDARD = c99;
				GCC_THUMB_SUPPORT = NO;
				GCC_VERSION = "";
				GCC_WARN_ABOUT_RETURN_TYPE = YES;
				GCC_WARN_UNDECLARED_SELECTOR = YES;
				GCC_WARN_UNINITIALIZED_AUTOS = YES;
				GCC_WARN_UNUSED_FUNCTION = YES;
				GCC_WARN_UNUSED_VARIABLE = YES;
				ONLY_ACTIVE_ARCH = YES;
				SDKROOT = iphoneos;
				SKIP_INSTALL = NO;
				SWIFT_OBJC_BRIDGING_HEADER = "$(PROJECT_DIR)/$(PROJECT_NAME)/Bridging-Header.h";
				ALWAYS_EMBED_SWIFT_STANDARD_LIBRARIES = YES;
				SWIFT_VERSION = 3.0;
				SWIFT_OPTIMIZATION_LEVEL = "-Onone";
			};
			name = Debug;
		};
		C01FCF5008A954540054247B /* Release */ = {
			isa = XCBuildConfiguration;
			baseConfigurationReference = 3047A5111AB8059700498E2A /* build.xcconfig */;
			buildSettings = {
				CLANG_ENABLE_MODULES = YES;
				CLANG_ENABLE_OBJC_ARC = YES;
				CLANG_WARN_BOOL_CONVERSION = YES;
				CLANG_WARN_CONSTANT_CONVERSION = YES;
				CLANG_WARN_EMPTY_BODY = YES;
				CLANG_WARN_ENUM_CONVERSION = YES;
				CLANG_WARN_INT_CONVERSION = YES;
				CLANG_WARN__DUPLICATE_METHOD_MATCH = YES;
				GCC_C_LANGUAGE_STANDARD = c99;
				GCC_THUMB_SUPPORT = NO;
				GCC_VERSION = "";
				GCC_WARN_ABOUT_RETURN_TYPE = YES;
				GCC_WARN_UNDECLARED_SELECTOR = YES;
				GCC_WARN_UNINITIALIZED_AUTOS = YES;
				GCC_WARN_UNUSED_FUNCTION = YES;
				GCC_WARN_UNUSED_VARIABLE = YES;
				SDKROOT = iphoneos;
				SKIP_INSTALL = NO;
				SWIFT_OBJC_BRIDGING_HEADER = "$(PROJECT_DIR)/$(PROJECT_NAME)/Bridging-Header.h";
				ALWAYS_EMBED_SWIFT_STANDARD_LIBRARIES = YES;
				SWIFT_VERSION = 3.0;
			};
			name = Release;
		};
/* End XCBuildConfiguration section */

/* Begin XCConfigurationList section */
		1D6058960D05DD3E006BFB54 /* Build configuration list for PBXNativeTarget "vmsApp" */ = {
			isa = XCConfigurationList;
			buildConfigurations = (
				1D6058940D05DD3E006BFB54 /* Debug */,
				1D6058950D05DD3E006BFB54 /* Release */,
			);
			defaultConfigurationIsVisible = 0;
			defaultConfigurationName = Release;
		};
		C01FCF4E08A954540054247B /* Build configuration list for PBXProject "vmsApp" */ = {
			isa = XCConfigurationList;
			buildConfigurations = (
				C01FCF4F08A954540054247B /* Debug */,
				C01FCF5008A954540054247B /* Release */,
			);
			defaultConfigurationIsVisible = 0;
			defaultConfigurationName = Release;
		};
/* End XCConfigurationList section */
	};
	rootObject = 29B97313FDCFA39411CA2CEA /* Project object */;
}
